<?xml version="1.0" encoding="utf-8"?>
<Project ToolsVersion="4.0" xmlns="http://schemas.microsoft.com/developer/msbuild/2003">
  <ItemGroup>
    <Filter Include="sources">
      <UniqueIdentifier>{f18ab499-84e1-499f-8eff-9754361e0e52}</UniqueIdentifier>
      <Extensions>cpp;c;cc;cxx;def;odl;idl;hpj;bat;asm;asmx</Extensions>
    </Filter>
    <Filter Include="includes">
      <UniqueIdentifier>{e33ef2d7-13dd-4645-87e7-d2bd59b5a1da}</UniqueIdentifier>
    </Filter>
    <Filter Include="sources\Nodes">
      <UniqueIdentifier>{5916ec69-183b-479c-91db-4a7a9750dc7d}</UniqueIdentifier>
    </Filter>
    <Filter Include="sources\Nodes\Const nodes">
      <UniqueIdentifier>{429ff57b-d6f1-464c-be07-df68c5a6bea2}</UniqueIdentifier>
    </Filter>
  </ItemGroup>
  <ItemGroup>
    <ClCompile Include="main.cpp">
      <Filter>sources</Filter>
    </ClCompile>
    <ClCompile Include="Node.cpp">
      <Filter>sources</Filter>
    </ClCompile>
    <ClCompile Include="Attribute.cpp">
      <Filter>sources</Filter>
    </ClCompile>
    <ClCompile Include="Value.cpp">
      <Filter>sources</Filter>
    </ClCompile>
    <ClCompile Include="Editor.cpp">
      <Filter>sources</Filter>
    </ClCompile>
    <ClCompile Include="libs\gl3w\GL\gl3w.c">
      <Filter>includes</Filter>
    </ClCompile>
    <ClCompile Include="libs\imgui\imgui.cpp">
      <Filter>includes</Filter>
    </ClCompile>
    <ClCompile Include="libs\imgui\imgui_demo.cpp">
      <Filter>includes</Filter>
    </ClCompile>
    <ClCompile Include="libs\imgui\imgui_draw.cpp">
      <Filter>includes</Filter>
    </ClCompile>
    <ClCompile Include="libs\backends\imgui_impl_glfw.cpp">
      <Filter>includes</Filter>
    </ClCompile>
    <ClCompile Include="libs\backends\imgui_impl_opengl3.cpp">
      <Filter>includes</Filter>
    </ClCompile>
    <ClCompile Include="libs\imgui\imgui_tables.cpp">
      <Filter>includes</Filter>
    </ClCompile>
    <ClCompile Include="libs\imnodes\imnodes.cpp">
      <Filter>includes</Filter>
    </ClCompile>
    <ClCompile Include="libs\imgui\imgui_widgets.cpp">
      <Filter>includes</Filter>
    </ClCompile>
    <ClCompile Include="ColorPicker.cpp">
      <Filter>sources\Nodes</Filter>
    </ClCompile>
    <ClCompile Include="TextureLoader.cpp">
      <Filter>sources\Nodes</Filter>
    </ClCompile>
    <ClCompile Include="ConstantFloat.cpp">
      <Filter>sources\Nodes\Const nodes</Filter>
    </ClCompile>
    <ClCompile Include="ConstantFloat3.cpp">
      <Filter>sources\Nodes\Const nodes</Filter>
    </ClCompile>
    <ClCompile Include="ConstantInt.cpp">
      <Filter>sources\Nodes\Const nodes</Filter>
    </ClCompile>
    <ClCompile Include="ConstantFloat4.cpp">
      <Filter>sources\Nodes\Const nodes</Filter>
    </ClCompile>
  </ItemGroup>
  <ItemGroup>
    <ClInclude Include="Node.h">
      <Filter>sources</Filter>
    </ClInclude>
    <ClInclude Include="Attribute.h">
      <Filter>sources</Filter>
    </ClInclude>
    <ClInclude Include="Value.h">
      <Filter>sources</Filter>
    </ClInclude>
    <ClInclude Include="libs\imgui\imstb_rectpack.h">
      <Filter>includes</Filter>
    </ClInclude>
    <ClInclude Include="libs\imnodes\imnodes.h">
      <Filter>includes</Filter>
    </ClInclude>
    <ClInclude Include="libs\imgui\imgui_internal.h">
      <Filter>includes</Filter>
    </ClInclude>
    <ClInclude Include="libs\backends\imgui_impl_opengl3.h">
      <Filter>includes</Filter>
    </ClInclude>
    <ClInclude Include="libs\backends\imgui_impl_glfw.h">
      <Filter>includes</Filter>
    </ClInclude>
    <ClInclude Include="libs\imgui\imgui.h">
      <Filter>includes</Filter>
    </ClInclude>
    <ClInclude Include="libs\imgui\imconfig.h">
      <Filter>includes</Filter>
    </ClInclude>
    <ClInclude Include="libs\gl3w\GL\glcorearb.h">
      <Filter>includes</Filter>
    </ClInclude>
    <ClInclude Include="libs\gl3w\GL\gl3w.h">
      <Filter>includes</Filter>
    </ClInclude>
    <ClInclude Include="libs\imgui\imstb_textedit.h">
      <Filter>includes</Filter>
    </ClInclude>
    <ClInclude Include="libs\imgui\imstb_truetype.h">
      <Filter>includes</Filter>
    </ClInclude>
    <ClInclude Include="libs\imnodes\stb_image.h">
      <Filter>includes</Filter>
    </ClInclude>
    <ClInclude Include="Editor.h">
      <Filter>sources</Filter>
    </ClInclude>
    <ClInclude Include="ColorPicker.h">
      <Filter>sources\Nodes</Filter>
    </ClInclude>
    <ClInclude Include="TextureLoader.h">
      <Filter>sources\Nodes</Filter>
    </ClInclude>
    <ClInclude Include="ConstantFloat.h">
      <Filter>sources\Nodes\Const nodes</Filter>
    </ClInclude>
    <ClInclude Include="ConstantFloat3.h">
      <Filter>sources\Nodes\Const nodes</Filter>
    </ClInclude>
    <ClInclude Include="ConstantInt.h">
      <Filter>sources\Nodes\Const nodes</Filter>
    </ClInclude>
    <ClInclude Include="ConstantFloat4.h">
      <Filter>sources\Nodes\Const nodes</Filter>
    </ClInclude>
  </ItemGroup>
  <ItemGroup>
    <Image Include="C:\Users\Yuyupo\Downloads\MyImage01.jpg">
      <Filter>sources</Filter>
    </Image>
  </ItemGroup>
  <ItemGroup>
    <None Include="libs\imgui\imgui.ini">
      <Filter>includes</Filter>
    </None>
  </ItemGroup>
</Project>