<?xml version="1.0" encoding="utf-8"?>
<Project ToolsVersion="4.0" xmlns="http://schemas.microsoft.com/developer/msbuild/2003">
  <ItemGroup>
    <Filter Include="sources">
      <UniqueIdentifier>{f18ab499-84e1-499f-8eff-9754361e0e52}</UniqueIdentifier>
      <Extensions>cpp;c;cc;cxx;def;odl;idl;hpj;bat;asm;asmx</Extensions>
    </Filter>
  </ItemGroup>
  <ItemGroup>
    <ClCompile Include="main.cpp">
      <Filter>sources</Filter>
    </ClCompile>
    <ClCompile Include="Node.cpp">
      <Filter>sources</Filter>
    </ClCompile>
    <ClCompile Include="Attribute.cpp">
      <Filter>sources</Filter>
    </ClCompile>
    <ClCompile Include="Value.cpp">
      <Filter>sources</Filter>
    </ClCompile>
    <ClCompile Include="libs\gl3w\GL\gl3w.c">
      <Filter>sources</Filter>
    </ClCompile>
    <ClCompile Include="libs\imnodes\imnodes.cpp">
      <Filter>sources</Filter>
    </ClCompile>
    <ClCompile Include="libs\imgui\imgui.cpp">
      <Filter>sources</Filter>
    </ClCompile>
    <ClCompile Include="libs\imgui\imgui_demo.cpp">
      <Filter>sources</Filter>
    </ClCompile>
    <ClCompile Include="libs\imgui\imgui_draw.cpp">
      <Filter>sources</Filter>
    </ClCompile>
    <ClCompile Include="libs\imgui\imgui_tables.cpp">
      <Filter>sources</Filter>
    </ClCompile>
    <ClCompile Include="libs\imgui\imgui_widgets.cpp">
      <Filter>sources</Filter>
    </ClCompile>
    <ClCompile Include="libs\backends\imgui_impl_glfw.cpp">
      <Filter>sources</Filter>
    </ClCompile>
    <ClCompile Include="libs\backends\imgui_impl_opengl3.cpp">
      <Filter>sources</Filter>
    </ClCompile>
  </ItemGroup>
  <ItemGroup>
    <ClInclude Include="Node.h">
      <Filter>sources</Filter>
    </ClInclude>
    <ClInclude Include="Attribute.h">
      <Filter>sources</Filter>
    </ClInclude>
    <ClInclude Include="Value.h">
      <Filter>sources</Filter>
    </ClInclude>
    <ClInclude Include="libs\gl3w\GL\gl3w.h" />
    <ClInclude Include="libs\gl3w\GL\glcorearb.h" />
    <ClInclude Include="libs\imnodes\imnodes.h" />
    <ClInclude Include="libs\imnodes\stb_image.h" />
    <ClInclude Include="libs\imgui\imconfig.h" />
    <ClInclude Include="libs\imgui\imgui.h" />
    <ClInclude Include="libs\imgui\imgui_internal.h" />
    <ClInclude Include="libs\imgui\imstb_rectpack.h" />
    <ClInclude Include="libs\imgui\imstb_textedit.h" />
    <ClInclude Include="libs\imgui\imstb_truetype.h" />
    <ClInclude Include="libs\backends\imgui_impl_glfw.h" />
    <ClInclude Include="libs\backends\imgui_impl_opengl3.h" />
  </ItemGroup>
  <ItemGroup>
    <Image Include="C:\Users\Yuyupo\Downloads\MyImage01.jpg">
      <Filter>sources</Filter>
    </Image>
  </ItemGroup>
  <ItemGroup>
    <None Include="libs\imgui\imgui.ini" />
  </ItemGroup>
</Project>